
Microsoft Visual Studio Solution File, Format Version 12.00
# Visual Studio Version 17
VisualStudioVersion = 17.10.35013.160
MinimumVisualStudioVersion = 10.0.40219.1
Project("{FAE04EC0-301F-11D3-BF4B-00C04F79EFBC}") = "MVCdemo", "MVCdemo.csproj", "{45439ED6-C2AD-47CA-97D2-4C2330ED3C0B}"
EndProject
Global
	GlobalSection(SolutionConfigurationPlatforms) = preSolution
		Debug|Any CPU = Debug|Any CPU
		Release|Any CPU = Release|Any CPU
	EndGlobalSection
	GlobalSection(ProjectConfigurationPlatforms) = postSolution
		{45439ED6-C2AD-47CA-97D2-4C2330ED3C0B}.Debug|Any CPU.ActiveCfg = Debug|Any CPU
		{45439ED6-C2AD-47CA-97D2-4C2330ED3C0B}.Debug|Any CPU.Build.0 = Debug|Any CPU
		{45439ED6-C2AD-47CA-97D2-4C2330ED3C0B}.Release|Any CPU.ActiveCfg = Release|Any CPU
		{45439ED6-C2AD-47CA-97D2-4C2330ED3C0B}.Release|Any CPU.Build.0 = Release|Any CPU
	EndGlobalSection
	GlobalSection(SolutionProperties) = preSolution
		HideSolutionNode = FALSE
	EndGlobalSection
	GlobalSection(ExtensibilityGlobals) = postSolution
		SolutionGuid = {CB0C8EF7-2532-4709-B86B-AA5A020B654C}
	EndGlobalSection
EndGlobal
