
Microsoft Visual Studio Solution File, Format Version 12.00
# Visual Studio Version 16
VisualStudioVersion = 16.0.31729.503
MinimumVisualStudioVersion = 10.0.40219.1
Project("{FAE04EC0-301F-11D3-BF4B-00C04F79EFBC}") = "WebApplication4", "WebApplication4\WebApplication4.csproj", "{4544D8F0-736C-438A-A565-B68C1A9DA899}"
EndProject
Global
	GlobalSection(SolutionConfigurationPlatforms) = preSolution
		Debug|Any CPU = Debug|Any CPU
		Release|Any CPU = Release|Any CPU
	EndGlobalSection
	GlobalSection(ProjectConfigurationPlatforms) = postSolution
		{4544D8F0-736C-438A-A565-B68C1A9DA899}.Debug|Any CPU.ActiveCfg = Debug|Any CPU
		{4544D8F0-736C-438A-A565-B68C1A9DA899}.Debug|Any CPU.Build.0 = Debug|Any CPU
		{4544D8F0-736C-438A-A565-B68C1A9DA899}.Release|Any CPU.ActiveCfg = Release|Any CPU
		{4544D8F0-736C-438A-A565-B68C1A9DA899}.Release|Any CPU.Build.0 = Release|Any CPU
	EndGlobalSection
	GlobalSection(SolutionProperties) = preSolution
		HideSolutionNode = FALSE
	EndGlobalSection
	GlobalSection(ExtensibilityGlobals) = postSolution
		SolutionGuid = {4DB475A3-7A1C-4BFF-8A67-7C9BC14E25BB}
	EndGlobalSection
EndGlobal
