
Microsoft Visual Studio Solution File, Format Version 12.00
# Visual Studio Version 17
VisualStudioVersion = 17.10.35013.160
MinimumVisualStudioVersion = 10.0.40219.1
Project("{FAE04EC0-301F-11D3-BF4B-00C04F79EFBC}") = "MasterPageDemo", "MasterPageDemo.csproj", "{FF622BA8-D47A-4EB4-9FD9-1DED1FA9A493}"
EndProject
Global
	GlobalSection(SolutionConfigurationPlatforms) = preSolution
		Debug|Any CPU = Debug|Any CPU
		Release|Any CPU = Release|Any CPU
	EndGlobalSection
	GlobalSection(ProjectConfigurationPlatforms) = postSolution
		{FF622BA8-D47A-4EB4-9FD9-1DED1FA9A493}.Debug|Any CPU.ActiveCfg = Debug|Any CPU
		{FF622BA8-D47A-4EB4-9FD9-1DED1FA9A493}.Debug|Any CPU.Build.0 = Debug|Any CPU
		{FF622BA8-D47A-4EB4-9FD9-1DED1FA9A493}.Release|Any CPU.ActiveCfg = Release|Any CPU
		{FF622BA8-D47A-4EB4-9FD9-1DED1FA9A493}.Release|Any CPU.Build.0 = Release|Any CPU
	EndGlobalSection
	GlobalSection(SolutionProperties) = preSolution
		HideSolutionNode = FALSE
	EndGlobalSection
	GlobalSection(ExtensibilityGlobals) = postSolution
		SolutionGuid = {34D1C980-E91D-4BA1-981C-32BDB2343DC7}
	EndGlobalSection
EndGlobal
